
Microsoft Visual Studio Solution File, Format Version 12.00
# Visual Studio 15
VisualStudioVersion = 15.0.28010.2046
MinimumVisualStudioVersion = 10.0.40219.1
Project("{D954291E-2A0B-460D-934E-DC6B0785DB48}") = "Innofactor.Xrm.Utils.Common", "Innofactor.Xrm.Utils.Common\Innofactor.Xrm.Utils.Common.shproj", "{6B4F59AE-7903-47B0-B888-B7B2EAD40B2C}"
EndProject
Project("{2150E333-8FDC-42A3-9474-1A3956D46DE8}") = "modules", "modules", "{A076C2AE-F84C-449A-94E5-86E850170AF3}"
EndProject
Project("{D954291E-2A0B-460D-934E-DC6B0785DB48}") = "Innofactor.Xrm.Utils.Workflow", "Innofactor.Xrm.Utils.Workflow\Innofactor.Xrm.Utils.Workflow.shproj", "{757D7E0D-BCBB-4773-A06C-DD27904B939B}"
EndProject
Project("{FAE04EC0-301F-11D3-BF4B-00C04F79EFBC}") = "Innofactor.Xrm.Utils.Common", "modules\Innofactor.Xrm.Utils.Common\Innofactor.Xrm.Utils.Common.csproj", "{DD7194A9-1074-425B-BE3F-86999DBE6336}"
EndProject
Project("{FAE04EC0-301F-11D3-BF4B-00C04F79EFBC}") = "Innofactor.Xrm.Utils.Workflow", "modules\Innofactor.Xrm.Utils.Workflow\Innofactor.Xrm.Utils.Workflow.csproj", "{7D2358E1-ED0E-4FE9-99FF-8554F2D02DF0}"
EndProject
Project("{D954291E-2A0B-460D-934E-DC6B0785DB48}") = "Innofactor.Xrm.Utils.Plugin", "Innofactor.Xrm.Utils.Plugin\Innofactor.Xrm.Utils.Plugin.shproj", "{5878BE73-CF3F-4946-AB03-C3B1039E3A62}"
EndProject
Project("{FAE04EC0-301F-11D3-BF4B-00C04F79EFBC}") = "Innofactor.Xrm.Utils.Plugin", "modules\Innofactor.Xrm.Utils.Plugin\Innofactor.Xrm.Utils.Plugin.csproj", "{A0F415DD-2EEB-405E-BA1E-6EFFBA8A1401}"
EndProject
Global
	GlobalSection(SharedMSBuildProjectFiles) = preSolution
		Innofactor.Xrm.Utils.Plugin\Innofactor.Xrm.Utils.Plugin.projitems*{5878be73-cf3f-4946-ab03-c3b1039e3a62}*SharedItemsImports = 13
		Innofactor.Xrm.Utils.Common\Innofactor.Xrm.Utils.Common.projitems*{6b4f59ae-7903-47b0-b888-b7b2ead40b2c}*SharedItemsImports = 13
		Innofactor.Xrm.Utils.Workflow\Innofactor.Xrm.Utils.Workflow.projitems*{757d7e0d-bcbb-4773-a06c-dd27904b939b}*SharedItemsImports = 13
		Innofactor.Xrm.Utils.Common\Innofactor.Xrm.Utils.Common.projitems*{7d2358e1-ed0e-4fe9-99ff-8554f2d02df0}*SharedItemsImports = 4
		Innofactor.Xrm.Utils.Common\Innofactor.Xrm.Utils.Common.projitems*{a0f415dd-2eeb-405e-ba1e-6effba8a1401}*SharedItemsImports = 4
	EndGlobalSection
	GlobalSection(SolutionConfigurationPlatforms) = preSolution
		Debug|Any CPU = Debug|Any CPU
		Release|Any CPU = Release|Any CPU
	EndGlobalSection
	GlobalSection(ProjectConfigurationPlatforms) = postSolution
		{DD7194A9-1074-425B-BE3F-86999DBE6336}.Debug|Any CPU.ActiveCfg = Debug|Any CPU
		{DD7194A9-1074-425B-BE3F-86999DBE6336}.Debug|Any CPU.Build.0 = Debug|Any CPU
		{DD7194A9-1074-425B-BE3F-86999DBE6336}.Release|Any CPU.ActiveCfg = Release|Any CPU
		{DD7194A9-1074-425B-BE3F-86999DBE6336}.Release|Any CPU.Build.0 = Release|Any CPU
		{7D2358E1-ED0E-4FE9-99FF-8554F2D02DF0}.Debug|Any CPU.ActiveCfg = Debug|Any CPU
		{7D2358E1-ED0E-4FE9-99FF-8554F2D02DF0}.Debug|Any CPU.Build.0 = Debug|Any CPU
		{7D2358E1-ED0E-4FE9-99FF-8554F2D02DF0}.Release|Any CPU.ActiveCfg = Release|Any CPU
		{7D2358E1-ED0E-4FE9-99FF-8554F2D02DF0}.Release|Any CPU.Build.0 = Release|Any CPU
		{A0F415DD-2EEB-405E-BA1E-6EFFBA8A1401}.Debug|Any CPU.ActiveCfg = Debug|Any CPU
		{A0F415DD-2EEB-405E-BA1E-6EFFBA8A1401}.Debug|Any CPU.Build.0 = Debug|Any CPU
		{A0F415DD-2EEB-405E-BA1E-6EFFBA8A1401}.Release|Any CPU.ActiveCfg = Release|Any CPU
		{A0F415DD-2EEB-405E-BA1E-6EFFBA8A1401}.Release|Any CPU.Build.0 = Release|Any CPU
	EndGlobalSection
	GlobalSection(SolutionProperties) = preSolution
		HideSolutionNode = FALSE
	EndGlobalSection
	GlobalSection(NestedProjects) = preSolution
		{DD7194A9-1074-425B-BE3F-86999DBE6336} = {A076C2AE-F84C-449A-94E5-86E850170AF3}
		{7D2358E1-ED0E-4FE9-99FF-8554F2D02DF0} = {A076C2AE-F84C-449A-94E5-86E850170AF3}
		{A0F415DD-2EEB-405E-BA1E-6EFFBA8A1401} = {A076C2AE-F84C-449A-94E5-86E850170AF3}
	EndGlobalSection
	GlobalSection(ExtensibilityGlobals) = postSolution
		SolutionGuid = {4140B535-38DA-49CD-A964-7847AE19E738}
	EndGlobalSection
EndGlobal
