
Microsoft Visual Studio Solution File, Format Version 12.00
# Visual Studio 15
VisualStudioVersion = 15.0.28010.2046
MinimumVisualStudioVersion = 10.0.40219.1
Project("{FAE04EC0-301F-11D3-BF4B-00C04F79EFBC}") = "Common", "Common\Common.csproj", "{FDBF5769-343E-433C-956F-12F7BC87A9D1}"
EndProject
Project("{D954291E-2A0B-460D-934E-DC6B0785DB48}") = "Common.Source", "Common.Source\Common.Source.shproj", "{6B4F59AE-7903-47B0-B888-B7B2EAD40B2C}"
EndProject
Global
	GlobalSection(SharedMSBuildProjectFiles) = preSolution
		Common.Source\Common.Source.projitems*{6b4f59ae-7903-47b0-b888-b7b2ead40b2c}*SharedItemsImports = 13
		Common.Source\Common.Source.projitems*{fdbf5769-343e-433c-956f-12f7bc87a9d1}*SharedItemsImports = 4
	EndGlobalSection
	GlobalSection(SolutionConfigurationPlatforms) = preSolution
		Debug|Any CPU = Debug|Any CPU
		Release|Any CPU = Release|Any CPU
	EndGlobalSection
	GlobalSection(ProjectConfigurationPlatforms) = postSolution
		{FDBF5769-343E-433C-956F-12F7BC87A9D1}.Debug|Any CPU.ActiveCfg = Debug|Any CPU
		{FDBF5769-343E-433C-956F-12F7BC87A9D1}.Debug|Any CPU.Build.0 = Debug|Any CPU
		{FDBF5769-343E-433C-956F-12F7BC87A9D1}.Release|Any CPU.ActiveCfg = Release|Any CPU
		{FDBF5769-343E-433C-956F-12F7BC87A9D1}.Release|Any CPU.Build.0 = Release|Any CPU
	EndGlobalSection
	GlobalSection(SolutionProperties) = preSolution
		HideSolutionNode = FALSE
	EndGlobalSection
	GlobalSection(ExtensibilityGlobals) = postSolution
		SolutionGuid = {4140B535-38DA-49CD-A964-7847AE19E738}
	EndGlobalSection
EndGlobal
